
Microsoft Visual Studio Solution File, Format Version 12.00
# Visual Studio Version 17
VisualStudioVersion = 17.12.35527.113 d17.12
MinimumVisualStudioVersion = 10.0.40219.1
Project("{FAE04EC0-301F-11D3-BF4B-00C04F79EFBC}") = "Punch_API", "Punch_API.csproj", "{B292D6FD-0A49-4596-A9CD-A3F4E58DF015}"
EndProject
Global
	GlobalSection(SolutionConfigurationPlatforms) = preSolution
		Debug|Any CPU = Debug|Any CPU
		Release|Any CPU = Release|Any CPU
	EndGlobalSection
	GlobalSection(ProjectConfigurationPlatforms) = postSolution
		{B292D6FD-0A49-4596-A9CD-A3F4E58DF015}.Debug|Any CPU.ActiveCfg = Debug|Any CPU
		{B292D6FD-0A49-4596-A9CD-A3F4E58DF015}.Debug|Any CPU.Build.0 = Debug|Any CPU
		{B292D6FD-0A49-4596-A9CD-A3F4E58DF015}.Release|Any CPU.ActiveCfg = Release|Any CPU
		{B292D6FD-0A49-4596-A9CD-A3F4E58DF015}.Release|Any CPU.Build.0 = Release|Any CPU
	EndGlobalSection
	GlobalSection(SolutionProperties) = preSolution
		HideSolutionNode = FALSE
	EndGlobalSection
EndGlobal
